
Microsoft Visual Studio Solution File, Format Version 12.00
# Visual Studio Version 17
VisualStudioVersion = 17.9.34728.123
MinimumVisualStudioVersion = 10.0.40219.1
Project("{9A19103F-16F7-4668-BE54-9A1E7A4F7556}") = "Bridge.Products.Api", "Bridge.Products.Api\Bridge.Products.Api.csproj", "{82CB52D3-2B83-4962-8060-E3B642B1A129}"
EndProject
Project("{2150E333-8FDC-42A3-9474-1A3956D46DE8}") = "1. Api", "1. Api", "{BC021909-5558-4492-81A1-83BC265D41AC}"
EndProject
Project("{2150E333-8FDC-42A3-9474-1A3956D46DE8}") = "2. Application", "2. Application", "{919FDD9F-1EF3-483F-9DF5-EE6463D6CE31}"
EndProject
Project("{2150E333-8FDC-42A3-9474-1A3956D46DE8}") = "3. Domain", "3. Domain", "{B1A3C863-116D-4CED-A7F1-3AFEBF35A773}"
EndProject
Project("{2150E333-8FDC-42A3-9474-1A3956D46DE8}") = "4. Infra", "4. Infra", "{4C1F0C51-4422-45D2-B368-9B477E2ECD5C}"
EndProject
Project("{2150E333-8FDC-42A3-9474-1A3956D46DE8}") = "4.1. Data", "4.1. Data", "{6A29AAAE-5A48-4E54-90B9-AF446C535DA4}"
EndProject
Project("{2150E333-8FDC-42A3-9474-1A3956D46DE8}") = "4.2. IoC", "4.2. IoC", "{EFFBF9F5-3415-4DFF-B44E-598EA60B70E3}"
EndProject
Project("{2150E333-8FDC-42A3-9474-1A3956D46DE8}") = "4.3. ExternalServices", "4.3. ExternalServices", "{63DDF558-975E-4DE6-8031-CFF932D26942}"
EndProject
Project("{2150E333-8FDC-42A3-9474-1A3956D46DE8}") = "5. Tests", "5. Tests", "{1178B363-D0BF-47C8-B09E-CD5E069453E4}"
EndProject
Project("{9A19103F-16F7-4668-BE54-9A1E7A4F7556}") = "Bridge.Products.Application", "Bridge.Products.Application\Bridge.Products.Application.csproj", "{24D53822-19DD-4DFC-9582-6A5FD9612041}"
EndProject
Project("{9A19103F-16F7-4668-BE54-9A1E7A4F7556}") = "Bridge.Products.Domain", "Bridge.Products.Domain\Bridge.Products.Domain.csproj", "{FE886613-D755-42C1-BC53-F95C5DE5213E}"
EndProject
Project("{9A19103F-16F7-4668-BE54-9A1E7A4F7556}") = "Bridge.Products.Infra.Data", "Bridge.Products.Infra.Data\Bridge.Products.Infra.Data.csproj", "{4558BA99-A950-41EC-B09F-F45568D8A599}"
EndProject
Project("{9A19103F-16F7-4668-BE54-9A1E7A4F7556}") = "Bridge.Products.Infra.IoC", "Bridge.Products.Infra.IoC\Bridge.Products.Infra.IoC.csproj", "{F7C9A5DD-9F24-4A9D-84F9-4976F5286BE8}"
EndProject
Project("{9A19103F-16F7-4668-BE54-9A1E7A4F7556}") = "Bridge.Products.Infra.ExternalServices", "Bridge.Products.Infra.ExternalServices\Bridge.Products.Infra.ExternalServices.csproj", "{A09CBF4B-C90E-4A26-9628-AB4549885E89}"
EndProject
Project("{9A19103F-16F7-4668-BE54-9A1E7A4F7556}") = "Bridge.Products.Tests", "Bridge.Products.Tests\Bridge.Products.Tests.csproj", "{6663E627-33E8-4B89-B46F-D1EE9DA93174}"
EndProject
Project("{E53339B2-1760-4266-BCC7-CA923CBCF16C}") = "docker-compose", "docker-compose.dcproj", "{BB0C44B0-2591-492B-80FA-66C374000357}"
EndProject
Global
	GlobalSection(SolutionConfigurationPlatforms) = preSolution
		Debug|Any CPU = Debug|Any CPU
		Release|Any CPU = Release|Any CPU
	EndGlobalSection
	GlobalSection(ProjectConfigurationPlatforms) = postSolution
		{82CB52D3-2B83-4962-8060-E3B642B1A129}.Debug|Any CPU.ActiveCfg = Debug|Any CPU
		{82CB52D3-2B83-4962-8060-E3B642B1A129}.Debug|Any CPU.Build.0 = Debug|Any CPU
		{82CB52D3-2B83-4962-8060-E3B642B1A129}.Release|Any CPU.ActiveCfg = Release|Any CPU
		{82CB52D3-2B83-4962-8060-E3B642B1A129}.Release|Any CPU.Build.0 = Release|Any CPU
		{24D53822-19DD-4DFC-9582-6A5FD9612041}.Debug|Any CPU.ActiveCfg = Debug|Any CPU
		{24D53822-19DD-4DFC-9582-6A5FD9612041}.Debug|Any CPU.Build.0 = Debug|Any CPU
		{24D53822-19DD-4DFC-9582-6A5FD9612041}.Release|Any CPU.ActiveCfg = Release|Any CPU
		{24D53822-19DD-4DFC-9582-6A5FD9612041}.Release|Any CPU.Build.0 = Release|Any CPU
		{FE886613-D755-42C1-BC53-F95C5DE5213E}.Debug|Any CPU.ActiveCfg = Debug|Any CPU
		{FE886613-D755-42C1-BC53-F95C5DE5213E}.Debug|Any CPU.Build.0 = Debug|Any CPU
		{FE886613-D755-42C1-BC53-F95C5DE5213E}.Release|Any CPU.ActiveCfg = Release|Any CPU
		{FE886613-D755-42C1-BC53-F95C5DE5213E}.Release|Any CPU.Build.0 = Release|Any CPU
		{4558BA99-A950-41EC-B09F-F45568D8A599}.Debug|Any CPU.ActiveCfg = Debug|Any CPU
		{4558BA99-A950-41EC-B09F-F45568D8A599}.Debug|Any CPU.Build.0 = Debug|Any CPU
		{4558BA99-A950-41EC-B09F-F45568D8A599}.Release|Any CPU.ActiveCfg = Release|Any CPU
		{4558BA99-A950-41EC-B09F-F45568D8A599}.Release|Any CPU.Build.0 = Release|Any CPU
		{F7C9A5DD-9F24-4A9D-84F9-4976F5286BE8}.Debug|Any CPU.ActiveCfg = Debug|Any CPU
		{F7C9A5DD-9F24-4A9D-84F9-4976F5286BE8}.Debug|Any CPU.Build.0 = Debug|Any CPU
		{F7C9A5DD-9F24-4A9D-84F9-4976F5286BE8}.Release|Any CPU.ActiveCfg = Release|Any CPU
		{F7C9A5DD-9F24-4A9D-84F9-4976F5286BE8}.Release|Any CPU.Build.0 = Release|Any CPU
		{A09CBF4B-C90E-4A26-9628-AB4549885E89}.Debug|Any CPU.ActiveCfg = Debug|Any CPU
		{A09CBF4B-C90E-4A26-9628-AB4549885E89}.Debug|Any CPU.Build.0 = Debug|Any CPU
		{A09CBF4B-C90E-4A26-9628-AB4549885E89}.Release|Any CPU.ActiveCfg = Release|Any CPU
		{A09CBF4B-C90E-4A26-9628-AB4549885E89}.Release|Any CPU.Build.0 = Release|Any CPU
		{6663E627-33E8-4B89-B46F-D1EE9DA93174}.Debug|Any CPU.ActiveCfg = Debug|Any CPU
		{6663E627-33E8-4B89-B46F-D1EE9DA93174}.Debug|Any CPU.Build.0 = Debug|Any CPU
		{6663E627-33E8-4B89-B46F-D1EE9DA93174}.Release|Any CPU.ActiveCfg = Release|Any CPU
		{6663E627-33E8-4B89-B46F-D1EE9DA93174}.Release|Any CPU.Build.0 = Release|Any CPU
		{BB0C44B0-2591-492B-80FA-66C374000357}.Debug|Any CPU.ActiveCfg = Debug|Any CPU
		{BB0C44B0-2591-492B-80FA-66C374000357}.Debug|Any CPU.Build.0 = Debug|Any CPU
		{BB0C44B0-2591-492B-80FA-66C374000357}.Release|Any CPU.ActiveCfg = Release|Any CPU
		{BB0C44B0-2591-492B-80FA-66C374000357}.Release|Any CPU.Build.0 = Release|Any CPU
	EndGlobalSection
	GlobalSection(SolutionProperties) = preSolution
		HideSolutionNode = FALSE
	EndGlobalSection
	GlobalSection(NestedProjects) = preSolution
		{82CB52D3-2B83-4962-8060-E3B642B1A129} = {BC021909-5558-4492-81A1-83BC265D41AC}
		{6A29AAAE-5A48-4E54-90B9-AF446C535DA4} = {4C1F0C51-4422-45D2-B368-9B477E2ECD5C}
		{EFFBF9F5-3415-4DFF-B44E-598EA60B70E3} = {4C1F0C51-4422-45D2-B368-9B477E2ECD5C}
		{63DDF558-975E-4DE6-8031-CFF932D26942} = {4C1F0C51-4422-45D2-B368-9B477E2ECD5C}
		{24D53822-19DD-4DFC-9582-6A5FD9612041} = {919FDD9F-1EF3-483F-9DF5-EE6463D6CE31}
		{FE886613-D755-42C1-BC53-F95C5DE5213E} = {B1A3C863-116D-4CED-A7F1-3AFEBF35A773}
		{4558BA99-A950-41EC-B09F-F45568D8A599} = {6A29AAAE-5A48-4E54-90B9-AF446C535DA4}
		{F7C9A5DD-9F24-4A9D-84F9-4976F5286BE8} = {EFFBF9F5-3415-4DFF-B44E-598EA60B70E3}
		{A09CBF4B-C90E-4A26-9628-AB4549885E89} = {63DDF558-975E-4DE6-8031-CFF932D26942}
		{6663E627-33E8-4B89-B46F-D1EE9DA93174} = {1178B363-D0BF-47C8-B09E-CD5E069453E4}
	EndGlobalSection
	GlobalSection(ExtensibilityGlobals) = postSolution
		SolutionGuid = {C7A908BF-581F-4B1F-8ABD-23D4DDFEE6ED}
	EndGlobalSection
EndGlobal
